{
  "nodes": {
    "ak-nix": {
      "inputs": {
        "nixpkgs": [
          "nixpkgs"
        ]
      },
      "locked": {
        "lastModified": 1702675111,
        "narHash": "sha256-/Bm4A06DmCveuGGCDlt5TzaKaI53CqVvro9BnKo6SNI=",
        "owner": "aakropotkin",
        "repo": "ak-nix",
        "rev": "af3b6e2a1341fa593bce68c6045e6330875b4f66",
        "type": "github"
      },
      "original": {
        "owner": "aakropotkin",
        "ref": "main",
        "repo": "ak-nix",
        "type": "github"
      }
    },
    "nixpkgs": {
      "locked": {
        "lastModified": 1710088261,
        "narHash": "sha256-cpFX80KeluWb6zmeo+jRIlhRCfeSwMcIzGItHhMO+jM=",
        "owner": "NixOS",
        "repo": "nixpkgs",
        "rev": "3f61120136fcd9410fc5b829c583325193623909",
        "type": "github"
      },
      "original": {
        "owner": "NixOS",
        "ref": "master",
        "repo": "nixpkgs",
        "type": "github"
      }
    },
    "root": {
      "inputs": {
        "ak-nix": "ak-nix",
        "nixpkgs": "nixpkgs"
      }
    }
  },
  "root": "root",
  "version": 7
}
