{
  "nodes": {
    "ak-core": {
      "inputs": {
        "flake-utils": "flake-utils",
        "nixpkgs": "nixpkgs"
      },
      "locked": {
        "lastModified": 1645156569,
        "narHash": "sha256-LypNW3FPA7GBaNatAv0F1lIP/ICBffLka61cK7oOBiQ=",
        "owner": "aakropotkin",
        "repo": "ak-core",
        "rev": "1c339475dcdb3bee1aac8588358563be50571846",
        "type": "github"
      },
      "original": {
        "owner": "aakropotkin",
        "repo": "ak-core",
        "type": "github"
      }
    },
    "flake-utils": {
      "locked": {
        "lastModified": 1644229661,
        "narHash": "sha256-1YdnJAsNy69bpcjuoKdOYQX0YxZBiCYZo4Twxerqv7k=",
        "owner": "numtide",
        "repo": "flake-utils",
        "rev": "3cecb5b042f7f209c56ffd8371b2711a290ec797",
        "type": "github"
      },
      "original": {
        "owner": "numtide",
        "repo": "flake-utils",
        "type": "github"
      }
    },
    "ini2json": {
      "inputs": {
        "nixpkgs": "nixpkgs_2"
      },
      "locked": {
        "lastModified": 1633581098,
        "narHash": "sha256-2KpYe0YdwJwPkhz7iiyhmXyRt9FPcvFpjMP9EJqCgEM=",
        "owner": "aakropotkin",
        "repo": "ini2json",
        "rev": "c4a5b8dd57a4b865b6a77138735b6476c6409767",
        "type": "github"
      },
      "original": {
        "owner": "aakropotkin",
        "repo": "ini2json",
        "type": "github"
      }
    },
    "lowdown-src": {
      "flake": false,
      "locked": {
        "lastModified": 1633514407,
        "narHash": "sha256-Dw32tiMjdK9t3ETl5fzGrutQTzh2rufgZV4A/BbxuD4=",
        "owner": "kristapsdz",
        "repo": "lowdown",
        "rev": "d2c2b44ff6c27b936ec27358a2653caaef8f73b8",
        "type": "github"
      },
      "original": {
        "owner": "kristapsdz",
        "repo": "lowdown",
        "type": "github"
      }
    },
    "lowdown-src_2": {
      "flake": false,
      "locked": {
        "lastModified": 1633514407,
        "narHash": "sha256-Dw32tiMjdK9t3ETl5fzGrutQTzh2rufgZV4A/BbxuD4=",
        "owner": "kristapsdz",
        "repo": "lowdown",
        "rev": "d2c2b44ff6c27b936ec27358a2653caaef8f73b8",
        "type": "github"
      },
      "original": {
        "owner": "kristapsdz",
        "repo": "lowdown",
        "type": "github"
      }
    },
    "nix": {
      "inputs": {
        "lowdown-src": "lowdown-src",
        "nixpkgs": "nixpkgs_5"
      },
      "locked": {
        "lastModified": 1634305820,
        "narHash": "sha256-IEDfqsWNI7ZbU8xmFg4B+nthpcCIE7mr9WYJ2oyYJhA=",
        "owner": "NixOS",
        "repo": "nix",
        "rev": "130284b8508dad3c70e8160b15f3d62042fc730a",
        "type": "github"
      },
      "original": {
        "id": "nix",
        "type": "indirect"
      }
    },
    "nix_2": {
      "inputs": {
        "lowdown-src": "lowdown-src_2",
        "nixpkgs": "nixpkgs_6"
      },
      "locked": {
        "lastModified": 1633698063,
        "narHash": "sha256-t5RWLMyE4IQwKMHFGHUyva7i7ZKAtuFpa7Ib94F5r7s=",
        "owner": "NixOS",
        "repo": "nix",
        "rev": "01e9f046a8f8fafb4d084153d4b30dd3a8d7aef5",
        "type": "github"
      },
      "original": {
        "id": "nix",
        "type": "indirect"
      }
    },
    "nixpkgs": {
      "locked": {
        "lastModified": 1644972330,
        "narHash": "sha256-6V2JFpTUzB9G+KcqtUR1yl7f6rd9495YrFECslEmbGw=",
        "owner": "NixOS",
        "repo": "nixpkgs",
        "rev": "19574af0af3ffaf7c9e359744ed32556f34536bd",
        "type": "github"
      },
      "original": {
        "id": "nixpkgs",
        "type": "indirect"
      }
    },
    "nixpkgs_2": {
      "locked": {
        "lastModified": 1633573942,
        "narHash": "sha256-kmcYNDXiqNGJzi6gy55+aObl5wjFGp908zBMCklExqo=",
        "owner": "NixOS",
        "repo": "nixpkgs",
        "rev": "ea4524e6cc7761c3cc271233fa97b5e7473f760a",
        "type": "github"
      },
      "original": {
        "id": "nixpkgs",
        "type": "indirect"
      }
    },
    "nixpkgs_3": {
      "locked": {
        "lastModified": 1645527175,
        "narHash": "sha256-WeewqaO48sCctiN+iwgZZEJRU29Si7vHHoLCINAvuk8=",
        "owner": "NixOS",
        "repo": "nixpkgs",
        "rev": "38346f64616c3176f73ad0f20e51557ec0f3d75d",
        "type": "github"
      },
      "original": {
        "id": "nixpkgs",
        "type": "indirect"
      }
    },
    "nixpkgs_4": {
      "locked": {
        "lastModified": 1645527175,
        "narHash": "sha256-WeewqaO48sCctiN+iwgZZEJRU29Si7vHHoLCINAvuk8=",
        "owner": "NixOS",
        "repo": "nixpkgs",
        "rev": "38346f64616c3176f73ad0f20e51557ec0f3d75d",
        "type": "github"
      },
      "original": {
        "id": "nixpkgs",
        "type": "indirect"
      }
    },
    "nixpkgs_5": {
      "locked": {
        "lastModified": 1632864508,
        "narHash": "sha256-d127FIvGR41XbVRDPVvozUPQ/uRHbHwvfyKHwEt5xFM=",
        "owner": "NixOS",
        "repo": "nixpkgs",
        "rev": "82891b5e2c2359d7e58d08849e4c89511ab94234",
        "type": "github"
      },
      "original": {
        "id": "nixpkgs",
        "ref": "nixos-21.05-small",
        "type": "indirect"
      }
    },
    "nixpkgs_6": {
      "locked": {
        "lastModified": 1632864508,
        "narHash": "sha256-d127FIvGR41XbVRDPVvozUPQ/uRHbHwvfyKHwEt5xFM=",
        "owner": "NixOS",
        "repo": "nixpkgs",
        "rev": "82891b5e2c2359d7e58d08849e4c89511ab94234",
        "type": "github"
      },
      "original": {
        "id": "nixpkgs",
        "ref": "nixos-21.05-small",
        "type": "indirect"
      }
    },
    "root": {
      "inputs": {
        "ak-core": "ak-core",
        "ini2json": "ini2json",
        "nixpkgs": "nixpkgs_3",
        "set_wm_class": "set_wm_class",
        "sfm": "sfm",
        "slibtool": "slibtool"
      }
    },
    "set_wm_class": {
      "inputs": {
        "nixpkgs": "nixpkgs_4"
      },
      "locked": {
        "lastModified": 1645664979,
        "narHash": "sha256-3LAnYQbe8SiRWS3ESsBsVdVj9E800p94bdfuUCqQfI4=",
        "owner": "aakropotkin",
        "repo": "set_wm_class",
        "rev": "099e03c1af9397819c22ca9cd824bf847adf65a4",
        "type": "github"
      },
      "original": {
        "owner": "aakropotkin",
        "repo": "set_wm_class",
        "type": "github"
      }
    },
    "sfm": {
      "inputs": {
        "nix": "nix",
        "nixpkgs": [
          "sfm",
          "nix",
          "nixpkgs"
        ]
      },
      "locked": {
        "lastModified": 1634364097,
        "narHash": "sha256-ontNIxkQl2m3t2X25RLC3hPqfh+vPOWyvzFO5bEkXys=",
        "owner": "aakropotkin",
        "repo": "sfm",
        "rev": "6f852945d441981542062f31a66138a3716b4ce4",
        "type": "github"
      },
      "original": {
        "owner": "aakropotkin",
        "ref": "nix",
        "repo": "sfm",
        "type": "github"
      }
    },
    "slibtool": {
      "inputs": {
        "nix": "nix_2",
        "nixpkgs": [
          "slibtool",
          "nix",
          "nixpkgs"
        ]
      },
      "locked": {
        "lastModified": 1633903245,
        "narHash": "sha256-E9/jxa763KgcAny7Q+cM/sgB4+JXxGv4J4i7rorzLSU=",
        "owner": "aakropotkin",
        "repo": "slibtool",
        "rev": "290a7a345463f161964e7fe7480c31ce27f3018d",
        "type": "github"
      },
      "original": {
        "owner": "aakropotkin",
        "ref": "nix",
        "repo": "slibtool",
        "type": "github"
      }
    }
  },
  "root": "root",
  "version": 7
}
