{
  "nodes": {
    "ak-core": {
      "inputs": {
        "flake-utils": "flake-utils",
        "nixpkgs": "nixpkgs"
      },
      "locked": {
        "lastModified": 1645156569,
        "narHash": "sha256-LypNW3FPA7GBaNatAv0F1lIP/ICBffLka61cK7oOBiQ=",
        "owner": "aakropotkin",
        "repo": "ak-core",
        "rev": "1c339475dcdb3bee1aac8588358563be50571846",
        "type": "github"
      },
      "original": {
        "owner": "aakropotkin",
        "repo": "ak-core",
        "type": "github"
      }
    },
    "flake-utils": {
      "locked": {
        "lastModified": 1644229661,
        "narHash": "sha256-1YdnJAsNy69bpcjuoKdOYQX0YxZBiCYZo4Twxerqv7k=",
        "owner": "numtide",
        "repo": "flake-utils",
        "rev": "3cecb5b042f7f209c56ffd8371b2711a290ec797",
        "type": "github"
      },
      "original": {
        "owner": "numtide",
        "repo": "flake-utils",
        "type": "github"
      }
    },
    "ini2json": {
      "inputs": {
        "nixpkgs": "nixpkgs_2"
      },
      "locked": {
        "lastModified": 1633581098,
        "narHash": "sha256-2KpYe0YdwJwPkhz7iiyhmXyRt9FPcvFpjMP9EJqCgEM=",
        "owner": "aakropotkin",
        "repo": "ini2json",
        "rev": "c4a5b8dd57a4b865b6a77138735b6476c6409767",
        "type": "github"
      },
      "original": {
        "owner": "aakropotkin",
        "repo": "ini2json",
        "type": "github"
      }
    },
    "nixpkgs": {
      "locked": {
        "lastModified": 1644972330,
        "narHash": "sha256-6V2JFpTUzB9G+KcqtUR1yl7f6rd9495YrFECslEmbGw=",
        "owner": "NixOS",
        "repo": "nixpkgs",
        "rev": "19574af0af3ffaf7c9e359744ed32556f34536bd",
        "type": "github"
      },
      "original": {
        "id": "nixpkgs",
        "type": "indirect"
      }
    },
    "nixpkgs_2": {
      "locked": {
        "lastModified": 1633573942,
        "narHash": "sha256-kmcYNDXiqNGJzi6gy55+aObl5wjFGp908zBMCklExqo=",
        "owner": "NixOS",
        "repo": "nixpkgs",
        "rev": "ea4524e6cc7761c3cc271233fa97b5e7473f760a",
        "type": "github"
      },
      "original": {
        "id": "nixpkgs",
        "type": "indirect"
      }
    },
    "nixpkgs_3": {
      "locked": {
        "lastModified": 1645527175,
        "narHash": "sha256-WeewqaO48sCctiN+iwgZZEJRU29Si7vHHoLCINAvuk8=",
        "owner": "NixOS",
        "repo": "nixpkgs",
        "rev": "38346f64616c3176f73ad0f20e51557ec0f3d75d",
        "type": "github"
      },
      "original": {
        "id": "nixpkgs",
        "type": "indirect"
      }
    },
    "nixpkgs_4": {
      "locked": {
        "lastModified": 1645527175,
        "narHash": "sha256-WeewqaO48sCctiN+iwgZZEJRU29Si7vHHoLCINAvuk8=",
        "owner": "NixOS",
        "repo": "nixpkgs",
        "rev": "38346f64616c3176f73ad0f20e51557ec0f3d75d",
        "type": "github"
      },
      "original": {
        "id": "nixpkgs",
        "type": "indirect"
      }
    },
    "nixpkgs_5": {
      "locked": {
        "lastModified": 1645527175,
        "narHash": "sha256-WeewqaO48sCctiN+iwgZZEJRU29Si7vHHoLCINAvuk8=",
        "owner": "NixOS",
        "repo": "nixpkgs",
        "rev": "38346f64616c3176f73ad0f20e51557ec0f3d75d",
        "type": "github"
      },
      "original": {
        "id": "nixpkgs",
        "type": "indirect"
      }
    },
    "nixpkgs_6": {
      "locked": {
        "lastModified": 1645527175,
        "narHash": "sha256-WeewqaO48sCctiN+iwgZZEJRU29Si7vHHoLCINAvuk8=",
        "owner": "NixOS",
        "repo": "nixpkgs",
        "rev": "38346f64616c3176f73ad0f20e51557ec0f3d75d",
        "type": "github"
      },
      "original": {
        "id": "nixpkgs",
        "type": "indirect"
      }
    },
    "root": {
      "inputs": {
        "ak-core": "ak-core",
        "ini2json": "ini2json",
        "nixpkgs": "nixpkgs_3",
        "set_wm_class": "set_wm_class",
        "sfm": "sfm",
        "slibtool": "slibtool"
      }
    },
    "set_wm_class": {
      "inputs": {
        "nixpkgs": "nixpkgs_4"
      },
      "locked": {
        "lastModified": 1645664979,
        "narHash": "sha256-3LAnYQbe8SiRWS3ESsBsVdVj9E800p94bdfuUCqQfI4=",
        "owner": "aakropotkin",
        "repo": "set_wm_class",
        "rev": "099e03c1af9397819c22ca9cd824bf847adf65a4",
        "type": "github"
      },
      "original": {
        "owner": "aakropotkin",
        "repo": "set_wm_class",
        "type": "github"
      }
    },
    "sfm": {
      "inputs": {
        "nixpkgs": "nixpkgs_5"
      },
      "locked": {
        "lastModified": 1645665153,
        "narHash": "sha256-QyJQyylQcrZwjuRg4sfFpSfURPz8gsH2dYPwAUe07vM=",
        "owner": "aakropotkin",
        "repo": "sfm",
        "rev": "7bc3280c12cc7667732570715dd7c401c0d64fd3",
        "type": "github"
      },
      "original": {
        "owner": "aakropotkin",
        "ref": "nix",
        "repo": "sfm",
        "type": "github"
      }
    },
    "slibtool": {
      "inputs": {
        "nixpkgs": "nixpkgs_6"
      },
      "locked": {
        "lastModified": 1645665349,
        "narHash": "sha256-v7+bXTXEyL/wP/m162sJv6axSl9m9zvf/rzbF66GGYA=",
        "owner": "aakropotkin",
        "repo": "slibtool",
        "rev": "55a8b0747582065538fbefded7840bbd195814e5",
        "type": "github"
      },
      "original": {
        "owner": "aakropotkin",
        "ref": "nix",
        "repo": "slibtool",
        "type": "github"
      }
    }
  },
  "root": "root",
  "version": 7
}
