{
  "nodes": {
    "jo-src": {
      "flake": false,
      "locked": {
        "lastModified": 1641398377,
        "narHash": "sha256-aATCeJV0x+XHOQbwulutxivPzGVQ0mJj90vA+6IM124=",
        "owner": "jpmens",
        "repo": "jo",
        "rev": "6962bca178a6778328d1126ff762120305bb4327",
        "type": "github"
      },
      "original": {
        "owner": "jpmens",
        "ref": "1.6",
        "repo": "jo",
        "type": "github"
      }
    },
    "nixpkgs": {
      "locked": {
        "lastModified": 1666447894,
        "narHash": "sha256-i9WHX4w/et4qPMzEXd9POmnO0/bthjr7R4cblKNHGms=",
        "owner": "NixOS",
        "repo": "nixpkgs",
        "rev": "95aeaf83c247b8f5aa561684317ecd860476fcd6",
        "type": "github"
      },
      "original": {
        "id": "nixpkgs",
        "type": "indirect"
      }
    },
    "root": {
      "inputs": {
        "jo-src": "jo-src",
        "nixpkgs": "nixpkgs",
        "utils": "utils"
      }
    },
    "utils": {
      "locked": {
        "lastModified": 1667395993,
        "narHash": "sha256-nuEHfE/LcWyuSWnS8t12N1wc105Qtau+/OdUAjtQ0rA=",
        "owner": "numtide",
        "repo": "flake-utils",
        "rev": "5aed5285a952e0b949eb3ba02c12fa4fcfef535f",
        "type": "github"
      },
      "original": {
        "owner": "numtide",
        "repo": "flake-utils",
        "type": "github"
      }
    }
  },
  "root": "root",
  "version": 7
}
