{
  "nodes": {
    "jo-src": {
      "flake": false,
      "locked": {
        "lastModified": 1641398377,
        "narHash": "sha256-aATCeJV0x+XHOQbwulutxivPzGVQ0mJj90vA+6IM124=",
        "owner": "jpmens",
        "repo": "jo",
        "rev": "6962bca178a6778328d1126ff762120305bb4327",
        "type": "github"
      },
      "original": {
        "owner": "jpmens",
        "ref": "1.6",
        "repo": "jo",
        "type": "github"
      }
    },
    "nixpkgs": {
      "locked": {
        "lastModified": 1655390681,
        "narHash": "sha256-SXGZ7jJWsySMlNEpbxi8nq3QYDbtcAl+QHwsXlWq2g0=",
        "owner": "NixOS",
        "repo": "nixpkgs",
        "rev": "29769d2a1390d294469bcc6518f17931953545e1",
        "type": "github"
      },
      "original": {
        "id": "nixpkgs",
        "type": "indirect"
      }
    },
    "root": {
      "inputs": {
        "jo-src": "jo-src",
        "nixpkgs": "nixpkgs",
        "utils": "utils"
      }
    },
    "utils": {
      "locked": {
        "lastModified": 1656065134,
        "narHash": "sha256-oc6E6ByIw3oJaIyc67maaFcnjYOz1mMcOtHxbEf9NwQ=",
        "owner": "numtide",
        "repo": "flake-utils",
        "rev": "bee6a7250dd1b01844a2de7e02e4df7d8a0a206c",
        "type": "github"
      },
      "original": {
        "owner": "numtide",
        "repo": "flake-utils",
        "type": "github"
      }
    }
  },
  "root": "root",
  "version": 7
}
