{
  "nodes": {
    "ak-nix": {
      "inputs": {
        "nixpkgs": [
          "nixpkgs"
        ]
      },
      "locked": {
        "lastModified": 1666405571,
        "narHash": "sha256-UO1+VvbndgQibUdH+XJnJgmK+FavqAXxut+JoteyWk0=",
        "owner": "aakropotkin",
        "repo": "ak-nix",
        "rev": "9cfb91271b9bffc01a2156330c5f5c437a8212f5",
        "type": "github"
      },
      "original": {
        "owner": "aakropotkin",
        "ref": "main",
        "repo": "ak-nix",
        "type": "github"
      }
    },
    "nixpkgs": {
      "locked": {
        "lastModified": 1666465052,
        "narHash": "sha256-QkEH2l+QmFdQX1wsYG3qRexnZ2bzi98yEWfwQnjSKMY=",
        "owner": "NixOS",
        "repo": "nixpkgs",
        "rev": "dc075faa06323b8ab0166692f4e25cddb7b61463",
        "type": "github"
      },
      "original": {
        "owner": "NixOS",
        "ref": "master",
        "repo": "nixpkgs",
        "type": "github"
      }
    },
    "root": {
      "inputs": {
        "ak-nix": "ak-nix",
        "nixpkgs": "nixpkgs"
      }
    }
  },
  "root": "root",
  "version": 7
}
