{
  "nodes": {
    "ak-nix": {
      "inputs": {
        "nixpkgs": [
          "nixpkgs"
        ]
      },
      "locked": {
        "lastModified": 1669739816,
        "narHash": "sha256-BaxVW2prLWoQgno68qXYTKd2oP7GR00g751knsnSaAk=",
        "owner": "aakropotkin",
        "repo": "ak-nix",
        "rev": "03362320211d83f676ef39b3269f024d0a141dfb",
        "type": "github"
      },
      "original": {
        "owner": "aakropotkin",
        "ref": "main",
        "repo": "ak-nix",
        "type": "github"
      }
    },
    "nixpkgs": {
      "locked": {
        "lastModified": 1670097437,
        "narHash": "sha256-vBn2dKHKnNHtBoswT7qxi16a2JuBeAQa0u8JcAryp+Y=",
        "owner": "NixOS",
        "repo": "nixpkgs",
        "rev": "456bfbb59d98e23d0c4de0b0a8acb39c2ea4d4b4",
        "type": "github"
      },
      "original": {
        "owner": "NixOS",
        "ref": "master",
        "repo": "nixpkgs",
        "type": "github"
      }
    },
    "root": {
      "inputs": {
        "ak-nix": "ak-nix",
        "nixpkgs": "nixpkgs"
      }
    }
  },
  "root": "root",
  "version": 7
}
