{
  "nodes": {
    "ak-nix": {
      "inputs": {
        "nixpkgs": [
          "nixpkgs"
        ]
      },
      "locked": {
        "lastModified": 1666916944,
        "narHash": "sha256-lWKlZNlCCy25ymY/X46DjxrZp11BbBp04cvQOr2brHU=",
        "owner": "aakropotkin",
        "repo": "ak-nix",
        "rev": "7e02419e21723a6112828a735f1eb93c273f776e",
        "type": "github"
      },
      "original": {
        "owner": "aakropotkin",
        "ref": "main",
        "repo": "ak-nix",
        "type": "github"
      }
    },
    "nixpkgs": {
      "locked": {
        "lastModified": 1667410462,
        "narHash": "sha256-GWZh1/ENadYdyhz07ppJzUuF9Xf3nDhSJ3psZKJ6/+U=",
        "owner": "NixOS",
        "repo": "nixpkgs",
        "rev": "9d28889ac87433e34a8085c08eb2909369a971ec",
        "type": "github"
      },
      "original": {
        "owner": "NixOS",
        "ref": "master",
        "repo": "nixpkgs",
        "type": "github"
      }
    },
    "root": {
      "inputs": {
        "ak-nix": "ak-nix",
        "nixpkgs": "nixpkgs"
      }
    }
  },
  "root": "root",
  "version": 7
}
