{
  "nodes": {
    "ak-nix": {
      "inputs": {
        "nixpkgs": [
          "nixpkgs"
        ]
      },
      "locked": {
        "lastModified": 1666468446,
        "narHash": "sha256-qNrjlw1nz/Gnszx9SLAYB5g3VWQduupsvrU7FwZiONI=",
        "owner": "aakropotkin",
        "repo": "ak-nix",
        "rev": "14d0ef49d7a11c6bef7088123ca3b7063a2a61b2",
        "type": "github"
      },
      "original": {
        "owner": "aakropotkin",
        "ref": "main",
        "repo": "ak-nix",
        "type": "github"
      }
    },
    "nixpkgs": {
      "locked": {
        "lastModified": 1666478261,
        "narHash": "sha256-eJVg2dpbVwNFob1vP6d9u7DUpAvvoIw1WOirbOaCzNk=",
        "owner": "NixOS",
        "repo": "nixpkgs",
        "rev": "98e9e933f7146fadaf786f9be3db4198163739a6",
        "type": "github"
      },
      "original": {
        "owner": "NixOS",
        "ref": "master",
        "repo": "nixpkgs",
        "type": "github"
      }
    },
    "root": {
      "inputs": {
        "ak-nix": "ak-nix",
        "nixpkgs": "nixpkgs"
      }
    }
  },
  "root": "root",
  "version": 7
}
